// !$*UTF8*$!
{
	archiveVersion = 1;
	classes = {
	};
	objectVersion = 56;
	objects = {

/* Begin PBXBuildFile section */
		80CEAD922B3B191600EEE4B9 /* AppDelegate.swift in Sources */ = {isa = PBXBuildFile; fileRef = 80CEAD912B3B191600EEE4B9 /* AppDelegate.swift */; };
		80CEAD942B3B191600EEE4B9 /* SceneDelegate.swift in Sources */ = {isa = PBXBuildFile; fileRef = 80CEAD932B3B191600EEE4B9 /* SceneDelegate.swift */; };
		80CEAD962B3B191600EEE4B9 /* ViewController.swift in Sources */ = {isa = PBXBuildFile; fileRef = 80CEAD952B3B191600EEE4B9 /* ViewController.swift */; };
		80CEAD992B3B191600EEE4B9 /* Main.storyboard in Resources */ = {isa = PBXBuildFile; fileRef = 80CEAD972B3B191600EEE4B9 /* Main.storyboard */; };
		80CEAD9B2B3B191800EEE4B9 /* Assets.xcassets in Resources */ = {isa = PBXBuildFile; fileRef = 80CEAD9A2B3B191800EEE4B9 /* Assets.xcassets */; };
		80CEAD9E2B3B191800EEE4B9 /* LaunchScreen.storyboard in Resources */ = {isa = PBXBuildFile; fileRef = 80CEAD9C2B3B191800EEE4B9 /* LaunchScreen.storyboard */; };
		80CEADA92B3B191900EEE4B9 /* UpbitSocketAPITests.swift in Sources */ = {isa = PBXBuildFile; fileRef = 80CEADA82B3B191900EEE4B9 /* UpbitSocketAPITests.swift */; };
		80CEADB32B3B191900EEE4B9 /* UpbitSocketAPIUITests.swift in Sources */ = {isa = PBXBuildFile; fileRef = 80CEADB22B3B191900EEE4B9 /* UpbitSocketAPIUITests.swift */; };
		80CEADB52B3B191900EEE4B9 /* UpbitSocketAPIUITestsLaunchTests.swift in Sources */ = {isa = PBXBuildFile; fileRef = 80CEADB42B3B191900EEE4B9 /* UpbitSocketAPIUITestsLaunchTests.swift */; };
		80CEADD92B3C7D8500EEE4B9 /* WebSocketManager.swift in Sources */ = {isa = PBXBuildFile; fileRef = 80CEADD82B3C7D8500EEE4B9 /* WebSocketManager.swift */; };
		80CEADDC2B3C7F8A00EEE4B9 /* RxCocoa in Frameworks */ = {isa = PBXBuildFile; productRef = 80CEADDB2B3C7F8A00EEE4B9 /* RxCocoa */; };
		80CEADDE2B3C7F8A00EEE4B9 /* RxSwift in Frameworks */ = {isa = PBXBuildFile; productRef = 80CEADDD2B3C7F8A00EEE4B9 /* RxSwift */; };
		80CEADE02B3C80D300EEE4B9 /* Model.swift in Sources */ = {isa = PBXBuildFile; fileRef = 80CEADDF2B3C80D300EEE4B9 /* Model.swift */; };
		80CEADE22B3C947400EEE4B9 /* SocketViewModel.swift in Sources */ = {isa = PBXBuildFile; fileRef = 80CEADE12B3C947400EEE4B9 /* SocketViewModel.swift */; };
		80CEADE52B3C99D700EEE4B9 /* SnapKit in Frameworks */ = {isa = PBXBuildFile; productRef = 80CEADE42B3C99D700EEE4B9 /* SnapKit */; };
/* End PBXBuildFile section */

/* Begin PBXContainerItemProxy section */
		80CEADA52B3B191900EEE4B9 /* PBXContainerItemProxy */ = {
			isa = PBXContainerItemProxy;
			containerPortal = 80CEAD862B3B191600EEE4B9 /* Project object */;
			proxyType = 1;
			remoteGlobalIDString = 80CEAD8D2B3B191600EEE4B9;
			remoteInfo = UpbitSocketAPI;
		};
		80CEADAF2B3B191900EEE4B9 /* PBXContainerItemProxy */ = {
			isa = PBXContainerItemProxy;
			containerPortal = 80CEAD862B3B191600EEE4B9 /* Project object */;
			proxyType = 1;
			remoteGlobalIDString = 80CEAD8D2B3B191600EEE4B9;
			remoteInfo = UpbitSocketAPI;
		};
/* End PBXContainerItemProxy section */

/* Begin PBXFileReference section */
		80CEAD8E2B3B191600EEE4B9 /* UpbitSocketAPI.app */ = {isa = PBXFileReference; explicitFileType = wrapper.application; includeInIndex = 0; path = UpbitSocketAPI.app; sourceTree = BUILT_PRODUCTS_DIR; };
		80CEAD912B3B191600EEE4B9 /* AppDelegate.swift */ = {isa = PBXFileReference; lastKnownFileType = sourcecode.swift; path = AppDelegate.swift; sourceTree = "<group>"; };
		80CEAD932B3B191600EEE4B9 /* SceneDelegate.swift */ = {isa = PBXFileReference; lastKnownFileType = sourcecode.swift; path = SceneDelegate.swift; sourceTree = "<group>"; };
		80CEAD952B3B191600EEE4B9 /* ViewController.swift */ = {isa = PBXFileReference; lastKnownFileType = sourcecode.swift; path = ViewController.swift; sourceTree = "<group>"; };
		80CEAD982B3B191600EEE4B9 /* Base */ = {isa = PBXFileReference; lastKnownFileType = file.storyboard; name = Base; path = Base.lproj/Main.storyboard; sourceTree = "<group>"; };
		80CEAD9A2B3B191800EEE4B9 /* Assets.xcassets */ = {isa = PBXFileReference; lastKnownFileType = folder.assetcatalog; path = Assets.xcassets; sourceTree = "<group>"; };
		80CEAD9D2B3B191800EEE4B9 /* Base */ = {isa = PBXFileReference; lastKnownFileType = file.storyboard; name = Base; path = Base.lproj/LaunchScreen.storyboard; sourceTree = "<group>"; };
		80CEAD9F2B3B191800EEE4B9 /* Info.plist */ = {isa = PBXFileReference; lastKnownFileType = text.plist.xml; path = Info.plist; sourceTree = "<group>"; };
		80CEADA42B3B191900EEE4B9 /* UpbitSocketAPITests.xctest */ = {isa = PBXFileReference; explicitFileType = wrapper.cfbundle; includeInIndex = 0; path = UpbitSocketAPITests.xctest; sourceTree = BUILT_PRODUCTS_DIR; };
		80CEADA82B3B191900EEE4B9 /* UpbitSocketAPITests.swift */ = {isa = PBXFileReference; lastKnownFileType = sourcecode.swift; path = UpbitSocketAPITests.swift; sourceTree = "<group>"; };
		80CEADAE2B3B191900EEE4B9 /* UpbitSocketAPIUITests.xctest */ = {isa = PBXFileReference; explicitFileType = wrapper.cfbundle; includeInIndex = 0; path = UpbitSocketAPIUITests.xctest; sourceTree = BUILT_PRODUCTS_DIR; };
		80CEADB22B3B191900EEE4B9 /* UpbitSocketAPIUITests.swift */ = {isa = PBXFileReference; lastKnownFileType = sourcecode.swift; path = UpbitSocketAPIUITests.swift; sourceTree = "<group>"; };
		80CEADB42B3B191900EEE4B9 /* UpbitSocketAPIUITestsLaunchTests.swift */ = {isa = PBXFileReference; lastKnownFileType = sourcecode.swift; path = UpbitSocketAPIUITestsLaunchTests.swift; sourceTree = "<group>"; };
		80CEADD82B3C7D8500EEE4B9 /* WebSocketManager.swift */ = {isa = PBXFileReference; lastKnownFileType = sourcecode.swift; path = WebSocketManager.swift; sourceTree = "<group>"; };
		80CEADDF2B3C80D300EEE4B9 /* Model.swift */ = {isa = PBXFileReference; lastKnownFileType = sourcecode.swift; path = Model.swift; sourceTree = "<group>"; };
		80CEADE12B3C947400EEE4B9 /* SocketViewModel.swift */ = {isa = PBXFileReference; lastKnownFileType = sourcecode.swift; path = SocketViewModel.swift; sourceTree = "<group>"; };
/* End PBXFileReference section */

/* Begin PBXFrameworksBuildPhase section */
		80CEAD8B2B3B191600EEE4B9 /* Frameworks */ = {
			isa = PBXFrameworksBuildPhase;
			buildActionMask = 2147483647;
			files = (
				80CEADE52B3C99D700EEE4B9 /* SnapKit in Frameworks */,
				80CEADDE2B3C7F8A00EEE4B9 /* RxSwift in Frameworks */,
				80CEADDC2B3C7F8A00EEE4B9 /* RxCocoa in Frameworks */,
			);
			runOnlyForDeploymentPostprocessing = 0;
		};
		80CEADA12B3B191900EEE4B9 /* Frameworks */ = {
			isa = PBXFrameworksBuildPhase;
			buildActionMask = 2147483647;
			files = (
			);
			runOnlyForDeploymentPostprocessing = 0;
		};
		80CEADAB2B3B191900EEE4B9 /* Frameworks */ = {
			isa = PBXFrameworksBuildPhase;
			buildActionMask = 2147483647;
			files = (
			);
			runOnlyForDeploymentPostprocessing = 0;
		};
/* End PBXFrameworksBuildPhase section */

/* Begin PBXGroup section */
		80CEAD852B3B191600EEE4B9 = {
			isa = PBXGroup;
			children = (
				80CEAD902B3B191600EEE4B9 /* UpbitSocketAPI */,
				80CEADA72B3B191900EEE4B9 /* UpbitSocketAPITests */,
				80CEADB12B3B191900EEE4B9 /* UpbitSocketAPIUITests */,
				80CEAD8F2B3B191600EEE4B9 /* Products */,
			);
			sourceTree = "<group>";
		};
		80CEAD8F2B3B191600EEE4B9 /* Products */ = {
			isa = PBXGroup;
			children = (
				80CEAD8E2B3B191600EEE4B9 /* UpbitSocketAPI.app */,
				80CEADA42B3B191900EEE4B9 /* UpbitSocketAPITests.xctest */,
				80CEADAE2B3B191900EEE4B9 /* UpbitSocketAPIUITests.xctest */,
			);
			name = Products;
			sourceTree = "<group>";
		};
		80CEAD902B3B191600EEE4B9 /* UpbitSocketAPI */ = {
			isa = PBXGroup;
			children = (
				80CEAD912B3B191600EEE4B9 /* AppDelegate.swift */,
				80CEAD932B3B191600EEE4B9 /* SceneDelegate.swift */,
				80CEAD952B3B191600EEE4B9 /* ViewController.swift */,
				80CEADD82B3C7D8500EEE4B9 /* WebSocketManager.swift */,
				80CEADDF2B3C80D300EEE4B9 /* Model.swift */,
				80CEADE12B3C947400EEE4B9 /* SocketViewModel.swift */,
				80CEAD972B3B191600EEE4B9 /* Main.storyboard */,
				80CEAD9A2B3B191800EEE4B9 /* Assets.xcassets */,
				80CEAD9C2B3B191800EEE4B9 /* LaunchScreen.storyboard */,
				80CEAD9F2B3B191800EEE4B9 /* Info.plist */,
			);
			path = UpbitSocketAPI;
			sourceTree = "<group>";
		};
		80CEADA72B3B191900EEE4B9 /* UpbitSocketAPITests */ = {
			isa = PBXGroup;
			children = (
				80CEADA82B3B191900EEE4B9 /* UpbitSocketAPITests.swift */,
			);
			path = UpbitSocketAPITests;
			sourceTree = "<group>";
		};
		80CEADB12B3B191900EEE4B9 /* UpbitSocketAPIUITests */ = {
			isa = PBXGroup;
			children = (
				80CEADB22B3B191900EEE4B9 /* UpbitSocketAPIUITests.swift */,
				80CEADB42B3B191900EEE4B9 /* UpbitSocketAPIUITestsLaunchTests.swift */,
			);
			path = UpbitSocketAPIUITests;
			sourceTree = "<group>";
		};
/* End PBXGroup section */

/* Begin PBXNativeTarget section */
		80CEAD8D2B3B191600EEE4B9 /* UpbitSocketAPI */ = {
			isa = PBXNativeTarget;
			buildConfigurationList = 80CEADB82B3B191900EEE4B9 /* Build configuration list for PBXNativeTarget "UpbitSocketAPI" */;
			buildPhases = (
				80CEAD8A2B3B191600EEE4B9 /* Sources */,
				80CEAD8B2B3B191600EEE4B9 /* Frameworks */,
				80CEAD8C2B3B191600EEE4B9 /* Resources */,
			);
			buildRules = (
			);
			dependencies = (
			);
			name = UpbitSocketAPI;
			packageProductDependencies = (
				80CEADDB2B3C7F8A00EEE4B9 /* RxCocoa */,
				80CEADDD2B3C7F8A00EEE4B9 /* RxSwift */,
				80CEADE42B3C99D700EEE4B9 /* SnapKit */,
			);
			productName = UpbitSocketAPI;
			productReference = 80CEAD8E2B3B191600EEE4B9 /* UpbitSocketAPI.app */;
			productType = "com.apple.product-type.application";
		};
		80CEADA32B3B191900EEE4B9 /* UpbitSocketAPITests */ = {
			isa = PBXNativeTarget;
			buildConfigurationList = 80CEADBB2B3B191900EEE4B9 /* Build configuration list for PBXNativeTarget "UpbitSocketAPITests" */;
			buildPhases = (
				80CEADA02B3B191900EEE4B9 /* Sources */,
				80CEADA12B3B191900EEE4B9 /* Frameworks */,
				80CEADA22B3B191900EEE4B9 /* Resources */,
			);
			buildRules = (
			);
			dependencies = (
				80CEADA62B3B191900EEE4B9 /* PBXTargetDependency */,
			);
			name = UpbitSocketAPITests;
			productName = UpbitSocketAPITests;
			productReference = 80CEADA42B3B191900EEE4B9 /* UpbitSocketAPITests.xctest */;
			productType = "com.apple.product-type.bundle.unit-test";
		};
		80CEADAD2B3B191900EEE4B9 /* UpbitSocketAPIUITests */ = {
			isa = PBXNativeTarget;
			buildConfigurationList = 80CEADBE2B3B191900EEE4B9 /* Build configuration list for PBXNativeTarget "UpbitSocketAPIUITests" */;
			buildPhases = (
				80CEADAA2B3B191900EEE4B9 /* Sources */,
				80CEADAB2B3B191900EEE4B9 /* Frameworks */,
				80CEADAC2B3B191900EEE4B9 /* Resources */,
			);
			buildRules = (
			);
			dependencies = (
				80CEADB02B3B191900EEE4B9 /* PBXTargetDependency */,
			);
			name = UpbitSocketAPIUITests;
			productName = UpbitSocketAPIUITests;
			productReference = 80CEADAE2B3B191900EEE4B9 /* UpbitSocketAPIUITests.xctest */;
			productType = "com.apple.product-type.bundle.ui-testing";
		};
/* End PBXNativeTarget section */

/* Begin PBXProject section */
		80CEAD862B3B191600EEE4B9 /* Project object */ = {
			isa = PBXProject;
			attributes = {
				BuildIndependentTargetsInParallel = 1;
				LastSwiftUpdateCheck = 1500;
				LastUpgradeCheck = 1500;
				TargetAttributes = {
					80CEAD8D2B3B191600EEE4B9 = {
						CreatedOnToolsVersion = 15.0.1;
					};
					80CEADA32B3B191900EEE4B9 = {
						CreatedOnToolsVersion = 15.0.1;
						TestTargetID = 80CEAD8D2B3B191600EEE4B9;
					};
					80CEADAD2B3B191900EEE4B9 = {
						CreatedOnToolsVersion = 15.0.1;
						TestTargetID = 80CEAD8D2B3B191600EEE4B9;
					};
				};
			};
			buildConfigurationList = 80CEAD892B3B191600EEE4B9 /* Build configuration list for PBXProject "UpbitSocketAPI" */;
			compatibilityVersion = "Xcode 14.0";
			developmentRegion = en;
			hasScannedForEncodings = 0;
			knownRegions = (
				en,
				Base,
			);
			mainGroup = 80CEAD852B3B191600EEE4B9;
			packageReferences = (
				80CEADDA2B3C7F8A00EEE4B9 /* XCRemoteSwiftPackageReference "RxSwift" */,
				80CEADE32B3C99D700EEE4B9 /* XCRemoteSwiftPackageReference "SnapKit" */,
			);
			productRefGroup = 80CEAD8F2B3B191600EEE4B9 /* Products */;
			projectDirPath = "";
			projectRoot = "";
			targets = (
				80CEAD8D2B3B191600EEE4B9 /* UpbitSocketAPI */,
				80CEADA32B3B191900EEE4B9 /* UpbitSocketAPITests */,
				80CEADAD2B3B191900EEE4B9 /* UpbitSocketAPIUITests */,
			);
		};
/* End PBXProject section */

/* Begin PBXResourcesBuildPhase section */
		80CEAD8C2B3B191600EEE4B9 /* Resources */ = {
			isa = PBXResourcesBuildPhase;
			buildActionMask = 2147483647;
			files = (
				80CEAD9E2B3B191800EEE4B9 /* LaunchScreen.storyboard in Resources */,
				80CEAD9B2B3B191800EEE4B9 /* Assets.xcassets in Resources */,
				80CEAD992B3B191600EEE4B9 /* Main.storyboard in Resources */,
			);
			runOnlyForDeploymentPostprocessing = 0;
		};
		80CEADA22B3B191900EEE4B9 /* Resources */ = {
			isa = PBXResourcesBuildPhase;
			buildActionMask = 2147483647;
			files = (
			);
			runOnlyForDeploymentPostprocessing = 0;
		};
		80CEADAC2B3B191900EEE4B9 /* Resources */ = {
			isa = PBXResourcesBuildPhase;
			buildActionMask = 2147483647;
			files = (
			);
			runOnlyForDeploymentPostprocessing = 0;
		};
/* End PBXResourcesBuildPhase section */

/* Begin PBXSourcesBuildPhase section */
		80CEAD8A2B3B191600EEE4B9 /* Sources */ = {
			isa = PBXSourcesBuildPhase;
			buildActionMask = 2147483647;
			files = (
				80CEADE02B3C80D300EEE4B9 /* Model.swift in Sources */,
				80CEADE22B3C947400EEE4B9 /* SocketViewModel.swift in Sources */,
				80CEAD962B3B191600EEE4B9 /* ViewController.swift in Sources */,
				80CEAD922B3B191600EEE4B9 /* AppDelegate.swift in Sources */,
				80CEAD942B3B191600EEE4B9 /* SceneDelegate.swift in Sources */,
				80CEADD92B3C7D8500EEE4B9 /* WebSocketManager.swift in Sources */,
			);
			runOnlyForDeploymentPostprocessing = 0;
		};
		80CEADA02B3B191900EEE4B9 /* Sources */ = {
			isa = PBXSourcesBuildPhase;
			buildActionMask = 2147483647;
			files = (
				80CEADA92B3B191900EEE4B9 /* UpbitSocketAPITests.swift in Sources */,
			);
			runOnlyForDeploymentPostprocessing = 0;
		};
		80CEADAA2B3B191900EEE4B9 /* Sources */ = {
			isa = PBXSourcesBuildPhase;
			buildActionMask = 2147483647;
			files = (
				80CEADB32B3B191900EEE4B9 /* UpbitSocketAPIUITests.swift in Sources */,
				80CEADB52B3B191900EEE4B9 /* UpbitSocketAPIUITestsLaunchTests.swift in Sources */,
			);
			runOnlyForDeploymentPostprocessing = 0;
		};
/* End PBXSourcesBuildPhase section */

/* Begin PBXTargetDependency section */
		80CEADA62B3B191900EEE4B9 /* PBXTargetDependency */ = {
			isa = PBXTargetDependency;
			target = 80CEAD8D2B3B191600EEE4B9 /* UpbitSocketAPI */;
			targetProxy = 80CEADA52B3B191900EEE4B9 /* PBXContainerItemProxy */;
		};
		80CEADB02B3B191900EEE4B9 /* PBXTargetDependency */ = {
			isa = PBXTargetDependency;
			target = 80CEAD8D2B3B191600EEE4B9 /* UpbitSocketAPI */;
			targetProxy = 80CEADAF2B3B191900EEE4B9 /* PBXContainerItemProxy */;
		};
/* End PBXTargetDependency section */

/* Begin PBXVariantGroup section */
		80CEAD972B3B191600EEE4B9 /* Main.storyboard */ = {
			isa = PBXVariantGroup;
			children = (
				80CEAD982B3B191600EEE4B9 /* Base */,
			);
			name = Main.storyboard;
			sourceTree = "<group>";
		};
		80CEAD9C2B3B191800EEE4B9 /* LaunchScreen.storyboard */ = {
			isa = PBXVariantGroup;
			children = (
				80CEAD9D2B3B191800EEE4B9 /* Base */,
			);
			name = LaunchScreen.storyboard;
			sourceTree = "<group>";
		};
/* End PBXVariantGroup section */

/* Begin XCBuildConfiguration section */
		80CEADB62B3B191900EEE4B9 /* Debug */ = {
			isa = XCBuildConfiguration;
			buildSettings = {
				ALWAYS_SEARCH_USER_PATHS = NO;
				ASSETCATALOG_COMPILER_GENERATE_SWIFT_ASSET_SYMBOL_EXTENSIONS = YES;
				CLANG_ANALYZER_NONNULL = YES;
				CLANG_ANALYZER_NUMBER_OBJECT_CONVERSION = YES_AGGRESSIVE;
				CLANG_CXX_LANGUAGE_STANDARD = "gnu++20";
				CLANG_ENABLE_MODULES = YES;
				CLANG_ENABLE_OBJC_ARC = YES;
				CLANG_ENABLE_OBJC_WEAK = YES;
				CLANG_WARN_BLOCK_CAPTURE_AUTORELEASING = YES;
				CLANG_WARN_BOOL_CONVERSION = YES;
				CLANG_WARN_COMMA = YES;
				CLANG_WARN_CONSTANT_CONVERSION = YES;
				CLANG_WARN_DEPRECATED_OBJC_IMPLEMENTATIONS = YES;
				CLANG_WARN_DIRECT_OBJC_ISA_USAGE = YES_ERROR;
				CLANG_WARN_DOCUMENTATION_COMMENTS = YES;
				CLANG_WARN_EMPTY_BODY = YES;
				CLANG_WARN_ENUM_CONVERSION = YES;
				CLANG_WARN_INFINITE_RECURSION = YES;
				CLANG_WARN_INT_CONVERSION = YES;
				CLANG_WARN_NON_LITERAL_NULL_CONVERSION = YES;
				CLANG_WARN_OBJC_IMPLICIT_RETAIN_SELF = YES;
				CLANG_WARN_OBJC_LITERAL_CONVERSION = YES;
				CLANG_WARN_OBJC_ROOT_CLASS = YES_ERROR;
				CLANG_WARN_QUOTED_INCLUDE_IN_FRAMEWORK_HEADER = YES;
				CLANG_WARN_RANGE_LOOP_ANALYSIS = YES;
				CLANG_WARN_STRICT_PROTOTYPES = YES;
				CLANG_WARN_SUSPICIOUS_MOVE = YES;
				CLANG_WARN_UNGUARDED_AVAILABILITY = YES_AGGRESSIVE;
				CLANG_WARN_UNREACHABLE_CODE = YES;
				CLANG_WARN__DUPLICATE_METHOD_MATCH = YES;
				COPY_PHASE_STRIP = NO;
				DEBUG_INFORMATION_FORMAT = dwarf;
				ENABLE_STRICT_OBJC_MSGSEND = YES;
				ENABLE_TESTABILITY = YES;
				ENABLE_USER_SCRIPT_SANDBOXING = YES;
				GCC_C_LANGUAGE_STANDARD = gnu17;
				GCC_DYNAMIC_NO_PIC = NO;
				GCC_NO_COMMON_BLOCKS = YES;
				GCC_OPTIMIZATION_LEVEL = 0;
				GCC_PREPROCESSOR_DEFINITIONS = (
					"DEBUG=1",
					"$(inherited)",
				);
				GCC_WARN_64_TO_32_BIT_CONVERSION = YES;
				GCC_WARN_ABOUT_RETURN_TYPE = YES_ERROR;
				GCC_WARN_UNDECLARED_SELECTOR = YES;
				GCC_WARN_UNINITIALIZED_AUTOS = YES_AGGRESSIVE;
				GCC_WARN_UNUSED_FUNCTION = YES;
				GCC_WARN_UNUSED_VARIABLE = YES;
				IPHONEOS_DEPLOYMENT_TARGET = 17.0;
				LOCALIZATION_PREFERS_STRING_CATALOGS = YES;
				MTL_ENABLE_DEBUG_INFO = INCLUDE_SOURCE;
				MTL_FAST_MATH = YES;
				ONLY_ACTIVE_ARCH = YES;
				SDKROOT = iphoneos;
				SWIFT_ACTIVE_COMPILATION_CONDITIONS = "DEBUG $(inherited)";
				SWIFT_OPTIMIZATION_LEVEL = "-Onone";
			};
			name = Debug;
		};
		80CEADB72B3B191900EEE4B9 /* Release */ = {
			isa = XCBuildConfiguration;
			buildSettings = {
				ALWAYS_SEARCH_USER_PATHS = NO;
				ASSETCATALOG_COMPILER_GENERATE_SWIFT_ASSET_SYMBOL_EXTENSIONS = YES;
				CLANG_ANALYZER_NONNULL = YES;
				CLANG_ANALYZER_NUMBER_OBJECT_CONVERSION = YES_AGGRESSIVE;
				CLANG_CXX_LANGUAGE_STANDARD = "gnu++20";
				CLANG_ENABLE_MODULES = YES;
				CLANG_ENABLE_OBJC_ARC = YES;
				CLANG_ENABLE_OBJC_WEAK = YES;
				CLANG_WARN_BLOCK_CAPTURE_AUTORELEASING = YES;
				CLANG_WARN_BOOL_CONVERSION = YES;
				CLANG_WARN_COMMA = YES;
				CLANG_WARN_CONSTANT_CONVERSION = YES;
				CLANG_WARN_DEPRECATED_OBJC_IMPLEMENTATIONS = YES;
				CLANG_WARN_DIRECT_OBJC_ISA_USAGE = YES_ERROR;
				CLANG_WARN_DOCUMENTATION_COMMENTS = YES;
				CLANG_WARN_EMPTY_BODY = YES;
				CLANG_WARN_ENUM_CONVERSION = YES;
				CLANG_WARN_INFINITE_RECURSION = YES;
				CLANG_WARN_INT_CONVERSION = YES;
				CLANG_WARN_NON_LITERAL_NULL_CONVERSION = YES;
				CLANG_WARN_OBJC_IMPLICIT_RETAIN_SELF = YES;
				CLANG_WARN_OBJC_LITERAL_CONVERSION = YES;
				CLANG_WARN_OBJC_ROOT_CLASS = YES_ERROR;
				CLANG_WARN_QUOTED_INCLUDE_IN_FRAMEWORK_HEADER = YES;
				CLANG_WARN_RANGE_LOOP_ANALYSIS = YES;
				CLANG_WARN_STRICT_PROTOTYPES = YES;
				CLANG_WARN_SUSPICIOUS_MOVE = YES;
				CLANG_WARN_UNGUARDED_AVAILABILITY = YES_AGGRESSIVE;
				CLANG_WARN_UNREACHABLE_CODE = YES;
				CLANG_WARN__DUPLICATE_METHOD_MATCH = YES;
				COPY_PHASE_STRIP = NO;
				DEBUG_INFORMATION_FORMAT = "dwarf-with-dsym";
				ENABLE_NS_ASSERTIONS = NO;
				ENABLE_STRICT_OBJC_MSGSEND = YES;
				ENABLE_USER_SCRIPT_SANDBOXING = YES;
				GCC_C_LANGUAGE_STANDARD = gnu17;
				GCC_NO_COMMON_BLOCKS = YES;
				GCC_WARN_64_TO_32_BIT_CONVERSION = YES;
				GCC_WARN_ABOUT_RETURN_TYPE = YES_ERROR;
				GCC_WARN_UNDECLARED_SELECTOR = YES;
				GCC_WARN_UNINITIALIZED_AUTOS = YES_AGGRESSIVE;
				GCC_WARN_UNUSED_FUNCTION = YES;
				GCC_WARN_UNUSED_VARIABLE = YES;
				IPHONEOS_DEPLOYMENT_TARGET = 17.0;
				LOCALIZATION_PREFERS_STRING_CATALOGS = YES;
				MTL_ENABLE_DEBUG_INFO = NO;
				MTL_FAST_MATH = YES;
				SDKROOT = iphoneos;
				SWIFT_COMPILATION_MODE = wholemodule;
				VALIDATE_PRODUCT = YES;
			};
			name = Release;
		};
		80CEADB92B3B191900EEE4B9 /* Debug */ = {
			isa = XCBuildConfiguration;
			buildSettings = {
				ASSETCATALOG_COMPILER_APPICON_NAME = AppIcon;
				ASSETCATALOG_COMPILER_GLOBAL_ACCENT_COLOR_NAME = AccentColor;
				CODE_SIGN_STYLE = Automatic;
				CURRENT_PROJECT_VERSION = 1;
				DEVELOPMENT_TEAM = PUJ68C53FY;
				GENERATE_INFOPLIST_FILE = YES;
				INFOPLIST_FILE = UpbitSocketAPI/Info.plist;
				INFOPLIST_KEY_UIApplicationSupportsIndirectInputEvents = YES;
				INFOPLIST_KEY_UILaunchStoryboardName = LaunchScreen;
				INFOPLIST_KEY_UIMainStoryboardFile = Main;
				INFOPLIST_KEY_UISupportedInterfaceOrientations_iPad = "UIInterfaceOrientationPortrait UIInterfaceOrientationPortraitUpsideDown UIInterfaceOrientationLandscapeLeft UIInterfaceOrientationLandscapeRight";
				INFOPLIST_KEY_UISupportedInterfaceOrientations_iPhone = "UIInterfaceOrientationPortrait UIInterfaceOrientationLandscapeLeft UIInterfaceOrientationLandscapeRight";
				LD_RUNPATH_SEARCH_PATHS = (
					"$(inherited)",
					"@executable_path/Frameworks",
				);
				MARKETING_VERSION = 1.0;
				PRODUCT_BUNDLE_IDENTIFIER = com.Han.UpbitSocketAPI;
				PRODUCT_NAME = "$(TARGET_NAME)";
				SWIFT_EMIT_LOC_STRINGS = YES;
				SWIFT_VERSION = 5.0;
				TARGETED_DEVICE_FAMILY = "1,2";
			};
			name = Debug;
		};
		80CEADBA2B3B191900EEE4B9 /* Release */ = {
			isa = XCBuildConfiguration;
			buildSettings = {
				ASSETCATALOG_COMPILER_APPICON_NAME = AppIcon;
				ASSETCATALOG_COMPILER_GLOBAL_ACCENT_COLOR_NAME = AccentColor;
				CODE_SIGN_STYLE = Automatic;
				CURRENT_PROJECT_VERSION = 1;
				DEVELOPMENT_TEAM = PUJ68C53FY;
				GENERATE_INFOPLIST_FILE = YES;
				INFOPLIST_FILE = UpbitSocketAPI/Info.plist;
				INFOPLIST_KEY_UIApplicationSupportsIndirectInputEvents = YES;
				INFOPLIST_KEY_UILaunchStoryboardName = LaunchScreen;
				INFOPLIST_KEY_UIMainStoryboardFile = Main;
				INFOPLIST_KEY_UISupportedInterfaceOrientations_iPad = "UIInterfaceOrientationPortrait UIInterfaceOrientationPortraitUpsideDown UIInterfaceOrientationLandscapeLeft UIInterfaceOrientationLandscapeRight";
				INFOPLIST_KEY_UISupportedInterfaceOrientations_iPhone = "UIInterfaceOrientationPortrait UIInterfaceOrientationLandscapeLeft UIInterfaceOrientationLandscapeRight";
				LD_RUNPATH_SEARCH_PATHS = (
					"$(inherited)",
					"@executable_path/Frameworks",
				);
				MARKETING_VERSION = 1.0;
				PRODUCT_BUNDLE_IDENTIFIER = com.Han.UpbitSocketAPI;
				PRODUCT_NAME = "$(TARGET_NAME)";
				SWIFT_EMIT_LOC_STRINGS = YES;
				SWIFT_VERSION = 5.0;
				TARGETED_DEVICE_FAMILY = "1,2";
			};
			name = Release;
		};
		80CEADBC2B3B191900EEE4B9 /* Debug */ = {
			isa = XCBuildConfiguration;
			buildSettings = {
				ALWAYS_EMBED_SWIFT_STANDARD_LIBRARIES = YES;
				BUNDLE_LOADER = "$(TEST_HOST)";
				CODE_SIGN_STYLE = Automatic;
				CURRENT_PROJECT_VERSION = 1;
				DEVELOPMENT_TEAM = PUJ68C53FY;
				GENERATE_INFOPLIST_FILE = YES;
				IPHONEOS_DEPLOYMENT_TARGET = 17.0;
				MARKETING_VERSION = 1.0;
				PRODUCT_BUNDLE_IDENTIFIER = com.Han.UpbitSocketAPITests;
				PRODUCT_NAME = "$(TARGET_NAME)";
				SWIFT_EMIT_LOC_STRINGS = NO;
				SWIFT_VERSION = 5.0;
				TARGETED_DEVICE_FAMILY = "1,2";
				TEST_HOST = "$(BUILT_PRODUCTS_DIR)/UpbitSocketAPI.app/$(BUNDLE_EXECUTABLE_FOLDER_PATH)/UpbitSocketAPI";
			};
			name = Debug;
		};
		80CEADBD2B3B191900EEE4B9 /* Release */ = {
			isa = XCBuildConfiguration;
			buildSettings = {
				ALWAYS_EMBED_SWIFT_STANDARD_LIBRARIES = YES;
				BUNDLE_LOADER = "$(TEST_HOST)";
				CODE_SIGN_STYLE = Automatic;
				CURRENT_PROJECT_VERSION = 1;
				DEVELOPMENT_TEAM = PUJ68C53FY;
				GENERATE_INFOPLIST_FILE = YES;
				IPHONEOS_DEPLOYMENT_TARGET = 17.0;
				MARKETING_VERSION = 1.0;
				PRODUCT_BUNDLE_IDENTIFIER = com.Han.UpbitSocketAPITests;
				PRODUCT_NAME = "$(TARGET_NAME)";
				SWIFT_EMIT_LOC_STRINGS = NO;
				SWIFT_VERSION = 5.0;
				TARGETED_DEVICE_FAMILY = "1,2";
				TEST_HOST = "$(BUILT_PRODUCTS_DIR)/UpbitSocketAPI.app/$(BUNDLE_EXECUTABLE_FOLDER_PATH)/UpbitSocketAPI";
			};
			name = Release;
		};
		80CEADBF2B3B191900EEE4B9 /* Debug */ = {
			isa = XCBuildConfiguration;
			buildSettings = {
				ALWAYS_EMBED_SWIFT_STANDARD_LIBRARIES = YES;
				CODE_SIGN_STYLE = Automatic;
				CURRENT_PROJECT_VERSION = 1;
				DEVELOPMENT_TEAM = PUJ68C53FY;
				GENERATE_INFOPLIST_FILE = YES;
				MARKETING_VERSION = 1.0;
				PRODUCT_BUNDLE_IDENTIFIER = com.Han.UpbitSocketAPIUITests;
				PRODUCT_NAME = "$(TARGET_NAME)";
				SWIFT_EMIT_LOC_STRINGS = NO;
				SWIFT_VERSION = 5.0;
				TARGETED_DEVICE_FAMILY = "1,2";
				TEST_TARGET_NAME = UpbitSocketAPI;
			};
			name = Debug;
		};
		80CEADC02B3B191900EEE4B9 /* Release */ = {
			isa = XCBuildConfiguration;
			buildSettings = {
				ALWAYS_EMBED_SWIFT_STANDARD_LIBRARIES = YES;
				CODE_SIGN_STYLE = Automatic;
				CURRENT_PROJECT_VERSION = 1;
				DEVELOPMENT_TEAM = PUJ68C53FY;
				GENERATE_INFOPLIST_FILE = YES;
				MARKETING_VERSION = 1.0;
				PRODUCT_BUNDLE_IDENTIFIER = com.Han.UpbitSocketAPIUITests;
				PRODUCT_NAME = "$(TARGET_NAME)";
				SWIFT_EMIT_LOC_STRINGS = NO;
				SWIFT_VERSION = 5.0;
				TARGETED_DEVICE_FAMILY = "1,2";
				TEST_TARGET_NAME = UpbitSocketAPI;
			};
			name = Release;
		};
/* End XCBuildConfiguration section */

/* Begin XCConfigurationList section */
		80CEAD892B3B191600EEE4B9 /* Build configuration list for PBXProject "UpbitSocketAPI" */ = {
			isa = XCConfigurationList;
			buildConfigurations = (
				80CEADB62B3B191900EEE4B9 /* Debug */,
				80CEADB72B3B191900EEE4B9 /* Release */,
			);
			defaultConfigurationIsVisible = 0;
			defaultConfigurationName = Release;
		};
		80CEADB82B3B191900EEE4B9 /* Build configuration list for PBXNativeTarget "UpbitSocketAPI" */ = {
			isa = XCConfigurationList;
			buildConfigurations = (
				80CEADB92B3B191900EEE4B9 /* Debug */,
				80CEADBA2B3B191900EEE4B9 /* Release */,
			);
			defaultConfigurationIsVisible = 0;
			defaultConfigurationName = Release;
		};
		80CEADBB2B3B191900EEE4B9 /* Build configuration list for PBXNativeTarget "UpbitSocketAPITests" */ = {
			isa = XCConfigurationList;
			buildConfigurations = (
				80CEADBC2B3B191900EEE4B9 /* Debug */,
				80CEADBD2B3B191900EEE4B9 /* Release */,
			);
			defaultConfigurationIsVisible = 0;
			defaultConfigurationName = Release;
		};
		80CEADBE2B3B191900EEE4B9 /* Build configuration list for PBXNativeTarget "UpbitSocketAPIUITests" */ = {
			isa = XCConfigurationList;
			buildConfigurations = (
				80CEADBF2B3B191900EEE4B9 /* Debug */,
				80CEADC02B3B191900EEE4B9 /* Release */,
			);
			defaultConfigurationIsVisible = 0;
			defaultConfigurationName = Release;
		};
/* End XCConfigurationList section */

/* Begin XCRemoteSwiftPackageReference section */
		80CEADDA2B3C7F8A00EEE4B9 /* XCRemoteSwiftPackageReference "RxSwift" */ = {
			isa = XCRemoteSwiftPackageReference;
			repositoryURL = "https://github.com/ReactiveX/RxSwift.git";
			requirement = {
				kind = upToNextMajorVersion;
				minimumVersion = 6.6.0;
			};
		};
		80CEADE32B3C99D700EEE4B9 /* XCRemoteSwiftPackageReference "SnapKit" */ = {
			isa = XCRemoteSwiftPackageReference;
			repositoryURL = "https://github.com/SnapKit/SnapKit.git";
			requirement = {
				kind = upToNextMajorVersion;
				minimumVersion = 5.6.0;
			};
		};
/* End XCRemoteSwiftPackageReference section */

/* Begin XCSwiftPackageProductDependency section */
		80CEADDB2B3C7F8A00EEE4B9 /* RxCocoa */ = {
			isa = XCSwiftPackageProductDependency;
			package = 80CEADDA2B3C7F8A00EEE4B9 /* XCRemoteSwiftPackageReference "RxSwift" */;
			productName = RxCocoa;
		};
		80CEADDD2B3C7F8A00EEE4B9 /* RxSwift */ = {
			isa = XCSwiftPackageProductDependency;
			package = 80CEADDA2B3C7F8A00EEE4B9 /* XCRemoteSwiftPackageReference "RxSwift" */;
			productName = RxSwift;
		};
		80CEADE42B3C99D700EEE4B9 /* SnapKit */ = {
			isa = XCSwiftPackageProductDependency;
			package = 80CEADE32B3C99D700EEE4B9 /* XCRemoteSwiftPackageReference "SnapKit" */;
			productName = SnapKit;
		};
/* End XCSwiftPackageProductDependency section */
	};
	rootObject = 80CEAD862B3B191600EEE4B9 /* Project object */;
}
